
Microsoft Visual Studio Solution File, Format Version 12.00
# Visual Studio 15
VisualStudioVersion = 15.0.28010.2041
MinimumVisualStudioVersion = 10.0.40219.1
Project("{FAE04EC0-301F-11D3-BF4B-00C04F79EFBC}") = "lab6", "lab6\lab6.csproj", "{AFE7ED47-8A74-41F1-8A78-639F51252ECF}"
EndProject
Global
	GlobalSection(SolutionConfigurationPlatforms) = preSolution
		Debug|Any CPU = Debug|Any CPU
		Release|Any CPU = Release|Any CPU
	EndGlobalSection
	GlobalSection(ProjectConfigurationPlatforms) = postSolution
		{AFE7ED47-8A74-41F1-8A78-639F51252ECF}.Debug|Any CPU.ActiveCfg = Debug|Any CPU
		{AFE7ED47-8A74-41F1-8A78-639F51252ECF}.Debug|Any CPU.Build.0 = Debug|Any CPU
		{AFE7ED47-8A74-41F1-8A78-639F51252ECF}.Release|Any CPU.ActiveCfg = Release|Any CPU
		{AFE7ED47-8A74-41F1-8A78-639F51252ECF}.Release|Any CPU.Build.0 = Release|Any CPU
	EndGlobalSection
	GlobalSection(SolutionProperties) = preSolution
		HideSolutionNode = FALSE
	EndGlobalSection
	GlobalSection(ExtensibilityGlobals) = postSolution
		SolutionGuid = {4809157E-403B-4DFD-AEFF-945610F41A94}
	EndGlobalSection
EndGlobal
